
Microsoft Visual Studio Solution File, Format Version 12.00
# Visual Studio Version 17
VisualStudioVersion = 17.3.32922.545
MinimumVisualStudioVersion = 10.0.40219.1
Project("{FAE04EC0-301F-11D3-BF4B-00C04F79EFBC}") = "Curcean_Iulian_Lab1", "Curcean_Iulian_Lab1\Curcean_Iulian_Lab1.csproj", "{4DBEECED-890F-4D66-BC9C-5D4550DA526E}"
EndProject
Global
	GlobalSection(SolutionConfigurationPlatforms) = preSolution
		Debug|Any CPU = Debug|Any CPU
		Release|Any CPU = Release|Any CPU
	EndGlobalSection
	GlobalSection(ProjectConfigurationPlatforms) = postSolution
		{4DBEECED-890F-4D66-BC9C-5D4550DA526E}.Debug|Any CPU.ActiveCfg = Debug|Any CPU
		{4DBEECED-890F-4D66-BC9C-5D4550DA526E}.Debug|Any CPU.Build.0 = Debug|Any CPU
		{4DBEECED-890F-4D66-BC9C-5D4550DA526E}.Release|Any CPU.ActiveCfg = Release|Any CPU
		{4DBEECED-890F-4D66-BC9C-5D4550DA526E}.Release|Any CPU.Build.0 = Release|Any CPU
	EndGlobalSection
	GlobalSection(SolutionProperties) = preSolution
		HideSolutionNode = FALSE
	EndGlobalSection
	GlobalSection(ExtensibilityGlobals) = postSolution
		SolutionGuid = {02ACDFA1-C8D1-4530-8ECD-42B6C8A76D2B}
	EndGlobalSection
EndGlobal
